
Microsoft Visual Studio Solution File, Format Version 12.00
# Visual Studio Version 16
VisualStudioVersion = 16.0.30413.136
MinimumVisualStudioVersion = 10.0.40219.1
Project("{9A19103F-16F7-4668-BE54-9A1E7A4F7556}") = "ExtraLongFactorial", "ExtraLongFactorial\ExtraLongFactorial.csproj", "{1EF58291-110A-4BEB-BF20-07F93F421D6B}"
EndProject
Project("{9A19103F-16F7-4668-BE54-9A1E7A4F7556}") = "3DSurfaceArea", "3DSurfaceArea\3DSurfaceArea.csproj", "{50598AB8-8763-48AA-846C-04D94209EBC0}"
EndProject
Project("{9A19103F-16F7-4668-BE54-9A1E7A4F7556}") = "Mini-MaxSum", "Mini-MaxSum\Mini-MaxSum.csproj", "{D0152E0D-B28F-4DC7-B1B4-0355445C4598}"
EndProject
Project("{9A19103F-16F7-4668-BE54-9A1E7A4F7556}") = "Ratios", "Ratios\Ratios.csproj", "{7616ED31-A6E1-4B09-B9F2-784D77E11391}"
EndProject
Project("{9A19103F-16F7-4668-BE54-9A1E7A4F7556}") = "TimeInWords", "TimeInWords\TimeInWords.csproj", "{068FF77F-D131-43E3-8DBC-61860B9CB47B}"
EndProject
Project("{9A19103F-16F7-4668-BE54-9A1E7A4F7556}") = "BirthdayCakeCandles", "BirthdayCakeCandles\BirthdayCakeCandles.csproj", "{B38A5D3B-15EC-4CC3-99AC-C6F16110DC0F}"
EndProject
Project("{9A19103F-16F7-4668-BE54-9A1E7A4F7556}") = "Staircase", "Staircase\Staircase.csproj", "{63F997BE-699E-4D86-A979-3A609373E099}"
EndProject
Project("{FAE04EC0-301F-11D3-BF4B-00C04F79EFBC}") = "ConsoleApp1", "ConsoleApp1\ConsoleApp1.csproj", "{AD9DEF09-460E-41FE-B185-BD6777427CD4}"
EndProject
Project("{9A19103F-16F7-4668-BE54-9A1E7A4F7556}") = "CatsAndMouse", "CatsAndMouse\CatsAndMouse.csproj", "{17351B26-96D2-48F1-857F-8242A3063124}"
EndProject
Project("{9A19103F-16F7-4668-BE54-9A1E7A4F7556}") = "TheHurdleRace", "TheHurdleRace\TheHurdleRace.csproj", "{0A939384-88D8-4AC8-BEDC-3439B5E815A2}"
EndProject
Project("{9A19103F-16F7-4668-BE54-9A1E7A4F7556}") = "DesignerPDFViewer", "DesignerPDFViewer\DesignerPDFViewer.csproj", "{24E344A7-761C-40C8-950F-F0107D27D6E6}"
EndProject
Project("{9A19103F-16F7-4668-BE54-9A1E7A4F7556}") = "UtopianTree", "UtopianTree\UtopianTree.csproj", "{5F92726A-8C66-4884-B27D-B54C6B7D5549}"
EndProject
Project("{9A19103F-16F7-4668-BE54-9A1E7A4F7556}") = "BeautifulDays", "BeautifulDays\BeautifulDays.csproj", "{EE987BFA-3A16-4B52-AB35-3192799B8F5F}"
EndProject
Project("{9A19103F-16F7-4668-BE54-9A1E7A4F7556}") = "BreakingTheRecords", "BreakingTheRecords\BreakingTheRecords.csproj", "{7CB1F55C-9A61-495F-A035-F73D15287624}"
EndProject
Project("{9A19103F-16F7-4668-BE54-9A1E7A4F7556}") = "MigratoryBirds", "MigratoryBirds\MigratoryBirds.csproj", "{83A97254-77E5-44BC-A322-AE7D4F549BD0}"
EndProject
Project("{9A19103F-16F7-4668-BE54-9A1E7A4F7556}") = "ViralAdvertising", "ViralAdvertising\ViralAdvertising.csproj", "{67A65D2E-6F6E-4098-964C-7CB9189549D6}"
EndProject
Project("{9A19103F-16F7-4668-BE54-9A1E7A4F7556}") = "SaveThePrisoner", "SaveThePrisoner\SaveThePrisoner.csproj", "{3D29595D-CC56-4C3D-AFAC-39795D812BA0}"
EndProject
Project("{9A19103F-16F7-4668-BE54-9A1E7A4F7556}") = "CircularArrayRotation", "CircularArrayRotation\CircularArrayRotation.csproj", "{64A86038-B069-4A1D-8BFF-F01D00710275}"
EndProject
Project("{9A19103F-16F7-4668-BE54-9A1E7A4F7556}") = "TimeConversion", "TimeConversion\TimeConversion.csproj", "{15F32D9B-DF9E-4AC7-9C1E-1687E5BF0ECF}"
EndProject
Project("{9A19103F-16F7-4668-BE54-9A1E7A4F7556}") = "SalesByMatch", "SalesByMatch\SalesByMatch.csproj", "{8617A66F-FDE3-452B-AFE4-19A57BA1F30D}"
EndProject
Project("{9A19103F-16F7-4668-BE54-9A1E7A4F7556}") = "TowersOfHanoi", "TowersOfHanoi\TowersOfHanoi.csproj", "{DEADD5C5-CAA7-4A93-9A9A-EC5CFCA869FF}"
EndProject
Project("{9A19103F-16F7-4668-BE54-9A1E7A4F7556}") = "DrawingBook", "DrawingBook\DrawingBook.csproj", "{3D3204D0-75FF-4D33-8F31-F202EE429403}"
EndProject
Project("{FAE04EC0-301F-11D3-BF4B-00C04F79EFBC}") = "CountingValleys", "CountingValleys\CountingValleys.csproj", "{A240AAF5-3204-4B7A-BE6A-DCC3667F4974}"
EndProject
Project("{FAE04EC0-301F-11D3-BF4B-00C04F79EFBC}") = "ElectronicsShop", "ElectronicsShop\ElectronicsShop.csproj", "{8FC4CD41-24E3-4410-993A-9BFAF0477032}"
EndProject
Project("{FAE04EC0-301F-11D3-BF4B-00C04F79EFBC}") = "FormingAMagicSquare", "FormingAMagicSquare\FormingAMagicSquare.csproj", "{5D4C6240-9A81-4E4C-B51B-C94A75FC7A63}"
EndProject
Global
	GlobalSection(SolutionConfigurationPlatforms) = preSolution
		Debug|Any CPU = Debug|Any CPU
		Release|Any CPU = Release|Any CPU
	EndGlobalSection
	GlobalSection(ProjectConfigurationPlatforms) = postSolution
		{1EF58291-110A-4BEB-BF20-07F93F421D6B}.Debug|Any CPU.ActiveCfg = Debug|Any CPU
		{1EF58291-110A-4BEB-BF20-07F93F421D6B}.Debug|Any CPU.Build.0 = Debug|Any CPU
		{1EF58291-110A-4BEB-BF20-07F93F421D6B}.Release|Any CPU.ActiveCfg = Release|Any CPU
		{1EF58291-110A-4BEB-BF20-07F93F421D6B}.Release|Any CPU.Build.0 = Release|Any CPU
		{50598AB8-8763-48AA-846C-04D94209EBC0}.Debug|Any CPU.ActiveCfg = Debug|Any CPU
		{50598AB8-8763-48AA-846C-04D94209EBC0}.Debug|Any CPU.Build.0 = Debug|Any CPU
		{50598AB8-8763-48AA-846C-04D94209EBC0}.Release|Any CPU.ActiveCfg = Release|Any CPU
		{50598AB8-8763-48AA-846C-04D94209EBC0}.Release|Any CPU.Build.0 = Release|Any CPU
		{D0152E0D-B28F-4DC7-B1B4-0355445C4598}.Debug|Any CPU.ActiveCfg = Debug|Any CPU
		{D0152E0D-B28F-4DC7-B1B4-0355445C4598}.Debug|Any CPU.Build.0 = Debug|Any CPU
		{D0152E0D-B28F-4DC7-B1B4-0355445C4598}.Release|Any CPU.ActiveCfg = Release|Any CPU
		{D0152E0D-B28F-4DC7-B1B4-0355445C4598}.Release|Any CPU.Build.0 = Release|Any CPU
		{7616ED31-A6E1-4B09-B9F2-784D77E11391}.Debug|Any CPU.ActiveCfg = Debug|Any CPU
		{7616ED31-A6E1-4B09-B9F2-784D77E11391}.Debug|Any CPU.Build.0 = Debug|Any CPU
		{7616ED31-A6E1-4B09-B9F2-784D77E11391}.Release|Any CPU.ActiveCfg = Release|Any CPU
		{7616ED31-A6E1-4B09-B9F2-784D77E11391}.Release|Any CPU.Build.0 = Release|Any CPU
		{068FF77F-D131-43E3-8DBC-61860B9CB47B}.Debug|Any CPU.ActiveCfg = Debug|Any CPU
		{068FF77F-D131-43E3-8DBC-61860B9CB47B}.Debug|Any CPU.Build.0 = Debug|Any CPU
		{068FF77F-D131-43E3-8DBC-61860B9CB47B}.Release|Any CPU.ActiveCfg = Release|Any CPU
		{068FF77F-D131-43E3-8DBC-61860B9CB47B}.Release|Any CPU.Build.0 = Release|Any CPU
		{B38A5D3B-15EC-4CC3-99AC-C6F16110DC0F}.Debug|Any CPU.ActiveCfg = Debug|Any CPU
		{B38A5D3B-15EC-4CC3-99AC-C6F16110DC0F}.Debug|Any CPU.Build.0 = Debug|Any CPU
		{B38A5D3B-15EC-4CC3-99AC-C6F16110DC0F}.Release|Any CPU.ActiveCfg = Release|Any CPU
		{B38A5D3B-15EC-4CC3-99AC-C6F16110DC0F}.Release|Any CPU.Build.0 = Release|Any CPU
		{63F997BE-699E-4D86-A979-3A609373E099}.Debug|Any CPU.ActiveCfg = Debug|Any CPU
		{63F997BE-699E-4D86-A979-3A609373E099}.Debug|Any CPU.Build.0 = Debug|Any CPU
		{63F997BE-699E-4D86-A979-3A609373E099}.Release|Any CPU.ActiveCfg = Release|Any CPU
		{63F997BE-699E-4D86-A979-3A609373E099}.Release|Any CPU.Build.0 = Release|Any CPU
		{AD9DEF09-460E-41FE-B185-BD6777427CD4}.Debug|Any CPU.ActiveCfg = Debug|Any CPU
		{AD9DEF09-460E-41FE-B185-BD6777427CD4}.Debug|Any CPU.Build.0 = Debug|Any CPU
		{AD9DEF09-460E-41FE-B185-BD6777427CD4}.Release|Any CPU.ActiveCfg = Release|Any CPU
		{AD9DEF09-460E-41FE-B185-BD6777427CD4}.Release|Any CPU.Build.0 = Release|Any CPU
		{17351B26-96D2-48F1-857F-8242A3063124}.Debug|Any CPU.ActiveCfg = Debug|Any CPU
		{17351B26-96D2-48F1-857F-8242A3063124}.Debug|Any CPU.Build.0 = Debug|Any CPU
		{17351B26-96D2-48F1-857F-8242A3063124}.Release|Any CPU.ActiveCfg = Release|Any CPU
		{17351B26-96D2-48F1-857F-8242A3063124}.Release|Any CPU.Build.0 = Release|Any CPU
		{0A939384-88D8-4AC8-BEDC-3439B5E815A2}.Debug|Any CPU.ActiveCfg = Debug|Any CPU
		{0A939384-88D8-4AC8-BEDC-3439B5E815A2}.Debug|Any CPU.Build.0 = Debug|Any CPU
		{0A939384-88D8-4AC8-BEDC-3439B5E815A2}.Release|Any CPU.ActiveCfg = Release|Any CPU
		{0A939384-88D8-4AC8-BEDC-3439B5E815A2}.Release|Any CPU.Build.0 = Release|Any CPU
		{24E344A7-761C-40C8-950F-F0107D27D6E6}.Debug|Any CPU.ActiveCfg = Debug|Any CPU
		{24E344A7-761C-40C8-950F-F0107D27D6E6}.Debug|Any CPU.Build.0 = Debug|Any CPU
		{24E344A7-761C-40C8-950F-F0107D27D6E6}.Release|Any CPU.ActiveCfg = Release|Any CPU
		{24E344A7-761C-40C8-950F-F0107D27D6E6}.Release|Any CPU.Build.0 = Release|Any CPU
		{5F92726A-8C66-4884-B27D-B54C6B7D5549}.Debug|Any CPU.ActiveCfg = Debug|Any CPU
		{5F92726A-8C66-4884-B27D-B54C6B7D5549}.Debug|Any CPU.Build.0 = Debug|Any CPU
		{5F92726A-8C66-4884-B27D-B54C6B7D5549}.Release|Any CPU.ActiveCfg = Release|Any CPU
		{5F92726A-8C66-4884-B27D-B54C6B7D5549}.Release|Any CPU.Build.0 = Release|Any CPU
		{EE987BFA-3A16-4B52-AB35-3192799B8F5F}.Debug|Any CPU.ActiveCfg = Debug|Any CPU
		{EE987BFA-3A16-4B52-AB35-3192799B8F5F}.Debug|Any CPU.Build.0 = Debug|Any CPU
		{EE987BFA-3A16-4B52-AB35-3192799B8F5F}.Release|Any CPU.ActiveCfg = Release|Any CPU
		{EE987BFA-3A16-4B52-AB35-3192799B8F5F}.Release|Any CPU.Build.0 = Release|Any CPU
		{7CB1F55C-9A61-495F-A035-F73D15287624}.Debug|Any CPU.ActiveCfg = Debug|Any CPU
		{7CB1F55C-9A61-495F-A035-F73D15287624}.Debug|Any CPU.Build.0 = Debug|Any CPU
		{7CB1F55C-9A61-495F-A035-F73D15287624}.Release|Any CPU.ActiveCfg = Release|Any CPU
		{7CB1F55C-9A61-495F-A035-F73D15287624}.Release|Any CPU.Build.0 = Release|Any CPU
		{83A97254-77E5-44BC-A322-AE7D4F549BD0}.Debug|Any CPU.ActiveCfg = Debug|Any CPU
		{83A97254-77E5-44BC-A322-AE7D4F549BD0}.Debug|Any CPU.Build.0 = Debug|Any CPU
		{83A97254-77E5-44BC-A322-AE7D4F549BD0}.Release|Any CPU.ActiveCfg = Release|Any CPU
		{83A97254-77E5-44BC-A322-AE7D4F549BD0}.Release|Any CPU.Build.0 = Release|Any CPU
		{67A65D2E-6F6E-4098-964C-7CB9189549D6}.Debug|Any CPU.ActiveCfg = Debug|Any CPU
		{67A65D2E-6F6E-4098-964C-7CB9189549D6}.Debug|Any CPU.Build.0 = Debug|Any CPU
		{67A65D2E-6F6E-4098-964C-7CB9189549D6}.Release|Any CPU.ActiveCfg = Release|Any CPU
		{67A65D2E-6F6E-4098-964C-7CB9189549D6}.Release|Any CPU.Build.0 = Release|Any CPU
		{3D29595D-CC56-4C3D-AFAC-39795D812BA0}.Debug|Any CPU.ActiveCfg = Debug|Any CPU
		{3D29595D-CC56-4C3D-AFAC-39795D812BA0}.Debug|Any CPU.Build.0 = Debug|Any CPU
		{3D29595D-CC56-4C3D-AFAC-39795D812BA0}.Release|Any CPU.ActiveCfg = Release|Any CPU
		{3D29595D-CC56-4C3D-AFAC-39795D812BA0}.Release|Any CPU.Build.0 = Release|Any CPU
		{64A86038-B069-4A1D-8BFF-F01D00710275}.Debug|Any CPU.ActiveCfg = Debug|Any CPU
		{64A86038-B069-4A1D-8BFF-F01D00710275}.Debug|Any CPU.Build.0 = Debug|Any CPU
		{64A86038-B069-4A1D-8BFF-F01D00710275}.Release|Any CPU.ActiveCfg = Release|Any CPU
		{64A86038-B069-4A1D-8BFF-F01D00710275}.Release|Any CPU.Build.0 = Release|Any CPU
		{15F32D9B-DF9E-4AC7-9C1E-1687E5BF0ECF}.Debug|Any CPU.ActiveCfg = Debug|Any CPU
		{15F32D9B-DF9E-4AC7-9C1E-1687E5BF0ECF}.Debug|Any CPU.Build.0 = Debug|Any CPU
		{15F32D9B-DF9E-4AC7-9C1E-1687E5BF0ECF}.Release|Any CPU.ActiveCfg = Release|Any CPU
		{15F32D9B-DF9E-4AC7-9C1E-1687E5BF0ECF}.Release|Any CPU.Build.0 = Release|Any CPU
		{8617A66F-FDE3-452B-AFE4-19A57BA1F30D}.Debug|Any CPU.ActiveCfg = Debug|Any CPU
		{8617A66F-FDE3-452B-AFE4-19A57BA1F30D}.Debug|Any CPU.Build.0 = Debug|Any CPU
		{8617A66F-FDE3-452B-AFE4-19A57BA1F30D}.Release|Any CPU.ActiveCfg = Release|Any CPU
		{8617A66F-FDE3-452B-AFE4-19A57BA1F30D}.Release|Any CPU.Build.0 = Release|Any CPU
		{DEADD5C5-CAA7-4A93-9A9A-EC5CFCA869FF}.Debug|Any CPU.ActiveCfg = Debug|Any CPU
		{DEADD5C5-CAA7-4A93-9A9A-EC5CFCA869FF}.Debug|Any CPU.Build.0 = Debug|Any CPU
		{DEADD5C5-CAA7-4A93-9A9A-EC5CFCA869FF}.Release|Any CPU.ActiveCfg = Release|Any CPU
		{DEADD5C5-CAA7-4A93-9A9A-EC5CFCA869FF}.Release|Any CPU.Build.0 = Release|Any CPU
		{3D3204D0-75FF-4D33-8F31-F202EE429403}.Debug|Any CPU.ActiveCfg = Debug|Any CPU
		{3D3204D0-75FF-4D33-8F31-F202EE429403}.Debug|Any CPU.Build.0 = Debug|Any CPU
		{3D3204D0-75FF-4D33-8F31-F202EE429403}.Release|Any CPU.ActiveCfg = Release|Any CPU
		{3D3204D0-75FF-4D33-8F31-F202EE429403}.Release|Any CPU.Build.0 = Release|Any CPU
		{A240AAF5-3204-4B7A-BE6A-DCC3667F4974}.Debug|Any CPU.ActiveCfg = Debug|Any CPU
		{A240AAF5-3204-4B7A-BE6A-DCC3667F4974}.Debug|Any CPU.Build.0 = Debug|Any CPU
		{A240AAF5-3204-4B7A-BE6A-DCC3667F4974}.Release|Any CPU.ActiveCfg = Release|Any CPU
		{A240AAF5-3204-4B7A-BE6A-DCC3667F4974}.Release|Any CPU.Build.0 = Release|Any CPU
		{8FC4CD41-24E3-4410-993A-9BFAF0477032}.Debug|Any CPU.ActiveCfg = Debug|Any CPU
		{8FC4CD41-24E3-4410-993A-9BFAF0477032}.Debug|Any CPU.Build.0 = Debug|Any CPU
		{8FC4CD41-24E3-4410-993A-9BFAF0477032}.Release|Any CPU.ActiveCfg = Release|Any CPU
		{8FC4CD41-24E3-4410-993A-9BFAF0477032}.Release|Any CPU.Build.0 = Release|Any CPU
		{5D4C6240-9A81-4E4C-B51B-C94A75FC7A63}.Debug|Any CPU.ActiveCfg = Debug|Any CPU
		{5D4C6240-9A81-4E4C-B51B-C94A75FC7A63}.Debug|Any CPU.Build.0 = Debug|Any CPU
		{5D4C6240-9A81-4E4C-B51B-C94A75FC7A63}.Release|Any CPU.ActiveCfg = Release|Any CPU
		{5D4C6240-9A81-4E4C-B51B-C94A75FC7A63}.Release|Any CPU.Build.0 = Release|Any CPU
	EndGlobalSection
	GlobalSection(SolutionProperties) = preSolution
		HideSolutionNode = FALSE
	EndGlobalSection
	GlobalSection(ExtensibilityGlobals) = postSolution
		SolutionGuid = {518C2947-3FA2-4CBF-B585-9594EFD8C486}
	EndGlobalSection
EndGlobal
