
Microsoft Visual Studio Solution File, Format Version 12.00
# Visual Studio Version 16
VisualStudioVersion = 16.0.30413.136
MinimumVisualStudioVersion = 10.0.40219.1
Project("{FAE04EC0-301F-11D3-BF4B-00C04F79EFBC}") = "AllUniquePathsThroughMatrix", "AllUniquePathsThroughMatrix\AllUniquePathsThroughMatrix.csproj", "{5E316CC7-E524-4FB4-B98E-85C5F68EBD6D}"
EndProject
Project("{FAE04EC0-301F-11D3-BF4B-00C04F79EFBC}") = "NumberOfWaysToPartition", "NumberOfWaysToPartition\NumberOfWaysToPartition.csproj", "{9DD95A56-C784-4CF6-AEBD-65090FED0482}"
EndProject
Project("{FAE04EC0-301F-11D3-BF4B-00C04F79EFBC}") = "TowersOfHanoi", "TowersOfHanoi\TowersOfHanoi.csproj", "{DD8272EB-3671-42D5-B26B-168953645A00}"
EndProject
Global
	GlobalSection(SolutionConfigurationPlatforms) = preSolution
		Debug|Any CPU = Debug|Any CPU
		Release|Any CPU = Release|Any CPU
	EndGlobalSection
	GlobalSection(ProjectConfigurationPlatforms) = postSolution
		{5E316CC7-E524-4FB4-B98E-85C5F68EBD6D}.Debug|Any CPU.ActiveCfg = Debug|Any CPU
		{5E316CC7-E524-4FB4-B98E-85C5F68EBD6D}.Debug|Any CPU.Build.0 = Debug|Any CPU
		{5E316CC7-E524-4FB4-B98E-85C5F68EBD6D}.Release|Any CPU.ActiveCfg = Release|Any CPU
		{5E316CC7-E524-4FB4-B98E-85C5F68EBD6D}.Release|Any CPU.Build.0 = Release|Any CPU
		{9DD95A56-C784-4CF6-AEBD-65090FED0482}.Debug|Any CPU.ActiveCfg = Debug|Any CPU
		{9DD95A56-C784-4CF6-AEBD-65090FED0482}.Debug|Any CPU.Build.0 = Debug|Any CPU
		{9DD95A56-C784-4CF6-AEBD-65090FED0482}.Release|Any CPU.ActiveCfg = Release|Any CPU
		{9DD95A56-C784-4CF6-AEBD-65090FED0482}.Release|Any CPU.Build.0 = Release|Any CPU
		{DD8272EB-3671-42D5-B26B-168953645A00}.Debug|Any CPU.ActiveCfg = Debug|Any CPU
		{DD8272EB-3671-42D5-B26B-168953645A00}.Debug|Any CPU.Build.0 = Debug|Any CPU
		{DD8272EB-3671-42D5-B26B-168953645A00}.Release|Any CPU.ActiveCfg = Release|Any CPU
		{DD8272EB-3671-42D5-B26B-168953645A00}.Release|Any CPU.Build.0 = Release|Any CPU
	EndGlobalSection
	GlobalSection(SolutionProperties) = preSolution
		HideSolutionNode = FALSE
	EndGlobalSection
	GlobalSection(ExtensibilityGlobals) = postSolution
		SolutionGuid = {C53F16BA-FA78-49EF-9781-AE0AA864EC45}
	EndGlobalSection
EndGlobal
